github.com/StephanHCB/go-autumn-logging v0.1.1 h1:Q17HvKXRIzy9X2+AesGGu/W6TFjsE+3gkVu3EMrPSRM=
github.com/StephanHCB/go-autumn-logging v0.1.1/go.mod h1:dPABYdECU3XrFib03uXbQFVLftUP5c4YaKSineiw37U=
github.com/go-logr/logr v0.4.0 h1:K7/B1jt6fIBQVd4Owv2MqGQClcgf0R266+7C/QjRcLc=
github.com/go-logr/logr v0.4.0/go.mod h1:z6/tIYblkpsD+a4lm/fGIIU9mZ+XfAiaFtq7xTgseGU=
